
Microsoft Visual Studio Solution File, Format Version 12.00
# Visual Studio Version 17
VisualStudioVersion = 17.6.33723.286
MinimumVisualStudioVersion = 10.0.40219.1
Project("{FAE04EC0-301F-11D3-BF4B-00C04F79EFBC}") = "compareExcel", "compareExcel\compareExcel.csproj", "{2709E05E-6BC1-468C-971E-1338E2F313F2}"
EndProject
Global
	GlobalSection(SolutionConfigurationPlatforms) = preSolution
		Debug|Any CPU = Debug|Any CPU
		Release|Any CPU = Release|Any CPU
	EndGlobalSection
	GlobalSection(ProjectConfigurationPlatforms) = postSolution
		{2709E05E-6BC1-468C-971E-1338E2F313F2}.Debug|Any CPU.ActiveCfg = Debug|Any CPU
		{2709E05E-6BC1-468C-971E-1338E2F313F2}.Debug|Any CPU.Build.0 = Debug|Any CPU
		{2709E05E-6BC1-468C-971E-1338E2F313F2}.Release|Any CPU.ActiveCfg = Release|Any CPU
		{2709E05E-6BC1-468C-971E-1338E2F313F2}.Release|Any CPU.Build.0 = Release|Any CPU
	EndGlobalSection
	GlobalSection(SolutionProperties) = preSolution
		HideSolutionNode = FALSE
	EndGlobalSection
	GlobalSection(ExtensibilityGlobals) = postSolution
		SolutionGuid = {DBDB109E-F12C-45BD-8C73-249C3D000082}
	EndGlobalSection
EndGlobal
